<?xml version="1.0" encoding="UTF-8"?>
<!DOCTYPE plist PUBLIC "-//Apple//DTD PLIST 1.0//EN" "http://www.apple.com/DTDs/PropertyList-1.0.dtd">
<plist version="1.0">
<dict>
	<key>archiveVersion</key>
	<string>1</string>
	<key>classes</key>
	<dict/>
	<key>objectVersion</key>
	<string>46</string>
	<key>objects</key>
	<dict>
		<key>0F81E8F202D649DDB3898D9C</key>
		<dict>
			<key>buildActionMask</key>
			<string>2147483647</string>
			<key>files</key>
			<array/>
			<key>inputPaths</key>
			<array/>
			<key>isa</key>
			<string>PBXShellScriptBuildPhase</string>
			<key>name</key>
			<string>Copy Pods Resources</string>
			<key>outputPaths</key>
			<array/>
			<key>runOnlyForDeploymentPostprocessing</key>
			<string>0</string>
			<key>shellPath</key>
			<string>/bin/sh</string>
			<key>shellScript</key>
			<string>"${SRCROOT}/Pods/Pods-resources.sh"
</string>
			<key>showEnvVarsInLog</key>
			<string>0</string>
		</dict>
		<key>203396FD399B43BD91E889CC</key>
		<dict>
			<key>includeInIndex</key>
			<string>1</string>
			<key>isa</key>
			<string>PBXFileReference</string>
			<key>lastKnownFileType</key>
			<string>text.xcconfig</string>
			<key>name</key>
			<string>Pods.xcconfig</string>
			<key>path</key>
			<string>Pods/Pods.xcconfig</string>
			<key>sourceTree</key>
			<string>&lt;group&gt;</string>
		</dict>
		<key>7102BD8F82424DCDBE316AEE</key>
		<dict>
			<key>fileRef</key>
			<string>8AD1D66784D84911AD3D0A9C</string>
			<key>isa</key>
			<string>PBXBuildFile</string>
		</dict>
		<key>8AD1D66784D84911AD3D0A9C</key>
		<dict>
			<key>explicitFileType</key>
			<string>archive.ar</string>
			<key>includeInIndex</key>
			<string>0</string>
			<key>isa</key>
			<string>PBXFileReference</string>
			<key>path</key>
			<string>libPods.a</string>
			<key>sourceTree</key>
			<string>BUILT_PRODUCTS_DIR</string>
		</dict>
		<key>BBCC134218FF973D00D27D1D</key>
		<dict>
			<key>children</key>
			<array>
				<string>BBCC135418FF973D00D27D1D</string>
				<string>BBCC137318FF973D00D27D1D</string>
				<string>BBCC134D18FF973D00D27D1D</string>
				<string>BBCC134C18FF973D00D27D1D</string>
				<string>203396FD399B43BD91E889CC</string>
			</array>
			<key>isa</key>
			<string>PBXGroup</string>
			<key>sourceTree</key>
			<string>&lt;group&gt;</string>
		</dict>
		<key>BBCC134318FF973D00D27D1D</key>
		<dict>
			<key>attributes</key>
			<dict>
				<key>LastUpgradeCheck</key>
				<string>0510</string>
				<key>ORGANIZATIONNAME</key>
				<string>Subash Luitel</string>
				<key>TargetAttributes</key>
				<dict>
					<key>BBCC136B18FF973D00D27D1D</key>
					<dict>
						<key>TestTargetID</key>
						<string>BBCC134A18FF973D00D27D1D</string>
					</dict>
				</dict>
			</dict>
			<key>buildConfigurationList</key>
			<string>BBCC134618FF973D00D27D1D</string>
			<key>compatibilityVersion</key>
			<string>Xcode 3.2</string>
			<key>developmentRegion</key>
			<string>English</string>
			<key>hasScannedForEncodings</key>
			<string>0</string>
			<key>isa</key>
			<string>PBXProject</string>
			<key>knownRegions</key>
			<array>
				<string>en</string>
				<string>Base</string>
			</array>
			<key>mainGroup</key>
			<string>BBCC134218FF973D00D27D1D</string>
			<key>productRefGroup</key>
			<string>BBCC134C18FF973D00D27D1D</string>
			<key>projectDirPath</key>
			<string></string>
			<key>projectReferences</key>
			<array/>
			<key>projectRoot</key>
			<string></string>
			<key>targets</key>
			<array>
				<string>BBCC134A18FF973D00D27D1D</string>
				<string>BBCC136B18FF973D00D27D1D</string>
			</array>
		</dict>
		<key>BBCC134618FF973D00D27D1D</key>
		<dict>
			<key>buildConfigurations</key>
			<array>
				<string>BBCC137B18FF973D00D27D1D</string>
				<string>BBCC137C18FF973D00D27D1D</string>
			</array>
			<key>defaultConfigurationIsVisible</key>
			<string>0</string>
			<key>defaultConfigurationName</key>
			<string>Release</string>
			<key>isa</key>
			<string>XCConfigurationList</string>
		</dict>
		<key>BBCC134718FF973D00D27D1D</key>
		<dict>
			<key>buildActionMask</key>
			<string>2147483647</string>
			<key>files</key>
			<array>
				<string>BBCC136518FF973D00D27D1D</string>
				<string>BBCC135F18FF973D00D27D1D</string>
				<string>BBCC135B18FF973D00D27D1D</string>
			</array>
			<key>isa</key>
			<string>PBXSourcesBuildPhase</string>
			<key>runOnlyForDeploymentPostprocessing</key>
			<string>0</string>
		</dict>
		<key>BBCC134818FF973D00D27D1D</key>
		<dict>
			<key>buildActionMask</key>
			<string>2147483647</string>
			<key>files</key>
			<array>
				<string>BBCC135118FF973D00D27D1D</string>
				<string>BBCC135318FF973D00D27D1D</string>
				<string>BBCC134F18FF973D00D27D1D</string>
				<string>7102BD8F82424DCDBE316AEE</string>
			</array>
			<key>isa</key>
			<string>PBXFrameworksBuildPhase</string>
			<key>runOnlyForDeploymentPostprocessing</key>
			<string>0</string>
		</dict>
		<key>BBCC134918FF973D00D27D1D</key>
		<dict>
			<key>buildActionMask</key>
			<string>2147483647</string>
			<key>files</key>
			<array>
				<string>BBCC136718FF973D00D27D1D</string>
				<string>BBCC135918FF973D00D27D1D</string>
				<string>BBCC136218FF973D00D27D1D</string>
			</array>
			<key>isa</key>
			<string>PBXResourcesBuildPhase</string>
			<key>runOnlyForDeploymentPostprocessing</key>
			<string>0</string>
		</dict>
		<key>BBCC134A18FF973D00D27D1D</key>
		<dict>
			<key>buildConfigurationList</key>
			<string>BBCC137D18FF973D00D27D1D</string>
			<key>buildPhases</key>
			<array>
				<string>CEA4BCA737654783B3267490</string>
				<string>BBCC134718FF973D00D27D1D</string>
				<string>BBCC134818FF973D00D27D1D</string>
				<string>BBCC134918FF973D00D27D1D</string>
				<string>0F81E8F202D649DDB3898D9C</string>
			</array>
			<key>buildRules</key>
			<array/>
			<key>dependencies</key>
			<array/>
			<key>isa</key>
			<string>PBXNativeTarget</string>
			<key>name</key>
			<string>Khabar</string>
			<key>productName</key>
			<string>Khabar</string>
			<key>productReference</key>
			<string>BBCC134B18FF973D00D27D1D</string>
			<key>productType</key>
			<string>com.apple.product-type.application</string>
		</dict>
		<key>BBCC134B18FF973D00D27D1D</key>
		<dict>
			<key>explicitFileType</key>
			<string>wrapper.application</string>
			<key>includeInIndex</key>
			<string>0</string>
			<key>isa</key>
			<string>PBXFileReference</string>
			<key>path</key>
			<string>Khabar.app</string>
			<key>sourceTree</key>
			<string>BUILT_PRODUCTS_DIR</string>
		</dict>
		<key>BBCC134C18FF973D00D27D1D</key>
		<dict>
			<key>children</key>
			<array>
				<string>BBCC134B18FF973D00D27D1D</string>
				<string>BBCC136C18FF973D00D27D1D</string>
			</array>
			<key>isa</key>
			<string>PBXGroup</string>
			<key>name</key>
			<string>Products</string>
			<key>sourceTree</key>
			<string>&lt;group&gt;</string>
		</dict>
		<key>BBCC134D18FF973D00D27D1D</key>
		<dict>
			<key>children</key>
			<array>
				<string>BBCC134E18FF973D00D27D1D</string>
				<string>BBCC135018FF973D00D27D1D</string>
				<string>BBCC135218FF973D00D27D1D</string>
				<string>BBCC136D18FF973D00D27D1D</string>
				<string>8AD1D66784D84911AD3D0A9C</string>
			</array>
			<key>isa</key>
			<string>PBXGroup</string>
			<key>name</key>
			<string>Frameworks</string>
			<key>sourceTree</key>
			<string>&lt;group&gt;</string>
		</dict>
		<key>BBCC134E18FF973D00D27D1D</key>
		<dict>
			<key>isa</key>
			<string>PBXFileReference</string>
			<key>lastKnownFileType</key>
			<string>wrapper.framework</string>
			<key>name</key>
			<string>Foundation.framework</string>
			<key>path</key>
			<string>System/Library/Frameworks/Foundation.framework</string>
			<key>sourceTree</key>
			<string>SDKROOT</string>
		</dict>
		<key>BBCC134F18FF973D00D27D1D</key>
		<dict>
			<key>fileRef</key>
			<string>BBCC134E18FF973D00D27D1D</string>
			<key>isa</key>
			<string>PBXBuildFile</string>
		</dict>
		<key>BBCC135018FF973D00D27D1D</key>
		<dict>
			<key>isa</key>
			<string>PBXFileReference</string>
			<key>lastKnownFileType</key>
			<string>wrapper.framework</string>
			<key>name</key>
			<string>CoreGraphics.framework</string>
			<key>path</key>
			<string>System/Library/Frameworks/CoreGraphics.framework</string>
			<key>sourceTree</key>
			<string>SDKROOT</string>
		</dict>
		<key>BBCC135118FF973D00D27D1D</key>
		<dict>
			<key>fileRef</key>
			<string>BBCC135018FF973D00D27D1D</string>
			<key>isa</key>
			<string>PBXBuildFile</string>
		</dict>
		<key>BBCC135218FF973D00D27D1D</key>
		<dict>
			<key>isa</key>
			<string>PBXFileReference</string>
			<key>lastKnownFileType</key>
			<string>wrapper.framework</string>
			<key>name</key>
			<string>UIKit.framework</string>
			<key>path</key>
			<string>System/Library/Frameworks/UIKit.framework</string>
			<key>sourceTree</key>
			<string>SDKROOT</string>
		</dict>
		<key>BBCC135318FF973D00D27D1D</key>
		<dict>
			<key>fileRef</key>
			<string>BBCC135218FF973D00D27D1D</string>
			<key>isa</key>
			<string>PBXBuildFile</string>
		</dict>
		<key>BBCC135418FF973D00D27D1D</key>
		<dict>
			<key>children</key>
			<array>
				<string>BBCC135D18FF973D00D27D1D</string>
				<string>BBCC135E18FF973D00D27D1D</string>
				<string>BBCC136018FF973D00D27D1D</string>
				<string>BBCC136318FF973D00D27D1D</string>
				<string>BBCC136418FF973D00D27D1D</string>
				<string>BBCC136618FF973D00D27D1D</string>
				<string>BBCC135518FF973D00D27D1D</string>
			</array>
			<key>isa</key>
			<string>PBXGroup</string>
			<key>path</key>
			<string>Khabar</string>
			<key>sourceTree</key>
			<string>&lt;group&gt;</string>
		</dict>
		<key>BBCC135518FF973D00D27D1D</key>
		<dict>
			<key>children</key>
			<array>
				<string>BBCC135618FF973D00D27D1D</string>
				<string>BBCC135718FF973D00D27D1D</string>
				<string>BBCC135A18FF973D00D27D1D</string>
				<string>BBCC135C18FF973D00D27D1D</string>
			</array>
			<key>isa</key>
			<string>PBXGroup</string>
			<key>name</key>
			<string>Supporting Files</string>
			<key>sourceTree</key>
			<string>&lt;group&gt;</string>
		</dict>
		<key>BBCC135618FF973D00D27D1D</key>
		<dict>
			<key>isa</key>
			<string>PBXFileReference</string>
			<key>lastKnownFileType</key>
			<string>text.plist.xml</string>
			<key>path</key>
			<string>Khabar-Info.plist</string>
			<key>sourceTree</key>
			<string>&lt;group&gt;</string>
		</dict>
		<key>BBCC135718FF973D00D27D1D</key>
		<dict>
			<key>children</key>
			<array>
				<string>BBCC135818FF973D00D27D1D</string>
			</array>
			<key>isa</key>
			<string>PBXVariantGroup</string>
			<key>name</key>
			<string>InfoPlist.strings</string>
			<key>sourceTree</key>
			<string>&lt;group&gt;</string>
		</dict>
		<key>BBCC135818FF973D00D27D1D</key>
		<dict>
			<key>isa</key>
			<string>PBXFileReference</string>
			<key>lastKnownFileType</key>
			<string>text.plist.strings</string>
			<key>name</key>
			<string>en</string>
			<key>path</key>
			<string>en.lproj/InfoPlist.strings</string>
			<key>sourceTree</key>
			<string>&lt;group&gt;</string>
		</dict>
		<key>BBCC135918FF973D00D27D1D</key>
		<dict>
			<key>fileRef</key>
			<string>BBCC135718FF973D00D27D1D</string>
			<key>isa</key>
			<string>PBXBuildFile</string>
		</dict>
		<key>BBCC135A18FF973D00D27D1D</key>
		<dict>
			<key>isa</key>
			<string>PBXFileReference</string>
			<key>lastKnownFileType</key>
			<string>sourcecode.c.objc</string>
			<key>path</key>
			<string>main.m</string>
			<key>sourceTree</key>
			<string>&lt;group&gt;</string>
		</dict>
		<key>BBCC135B18FF973D00D27D1D</key>
		<dict>
			<key>fileRef</key>
			<string>BBCC135A18FF973D00D27D1D</string>
			<key>isa</key>
			<string>PBXBuildFile</string>
		</dict>
		<key>BBCC135C18FF973D00D27D1D</key>
		<dict>
			<key>isa</key>
			<string>PBXFileReference</string>
			<key>lastKnownFileType</key>
			<string>sourcecode.c.h</string>
			<key>path</key>
			<string>Khabar-Prefix.pch</string>
			<key>sourceTree</key>
			<string>&lt;group&gt;</string>
		</dict>
		<key>BBCC135D18FF973D00D27D1D</key>
		<dict>
			<key>isa</key>
			<string>PBXFileReference</string>
			<key>lastKnownFileType</key>
			<string>sourcecode.c.h</string>
			<key>path</key>
			<string>AppDelegate.h</string>
			<key>sourceTree</key>
			<string>&lt;group&gt;</string>
		</dict>
		<key>BBCC135E18FF973D00D27D1D</key>
		<dict>
			<key>isa</key>
			<string>PBXFileReference</string>
			<key>lastKnownFileType</key>
			<string>sourcecode.c.objc</string>
			<key>path</key>
			<string>AppDelegate.m</string>
			<key>sourceTree</key>
			<string>&lt;group&gt;</string>
		</dict>
		<key>BBCC135F18FF973D00D27D1D</key>
		<dict>
			<key>fileRef</key>
			<string>BBCC135E18FF973D00D27D1D</string>
			<key>isa</key>
			<string>PBXBuildFile</string>
		</dict>
		<key>BBCC136018FF973D00D27D1D</key>
		<dict>
			<key>children</key>
			<array>
				<string>BBCC136118FF973D00D27D1D</string>
			</array>
			<key>isa</key>
			<string>PBXVariantGroup</string>
			<key>name</key>
			<string>Main.storyboard</string>
			<key>sourceTree</key>
			<string>&lt;group&gt;</string>
		</dict>
		<key>BBCC136118FF973D00D27D1D</key>
		<dict>
			<key>isa</key>
			<string>PBXFileReference</string>
			<key>lastKnownFileType</key>
			<string>file.storyboard</string>
			<key>name</key>
			<string>Base</string>
			<key>path</key>
			<string>Base.lproj/Main.storyboard</string>
			<key>sourceTree</key>
			<string>&lt;group&gt;</string>
		</dict>
		<key>BBCC136218FF973D00D27D1D</key>
		<dict>
			<key>fileRef</key>
			<string>BBCC136018FF973D00D27D1D</string>
			<key>isa</key>
			<string>PBXBuildFile</string>
		</dict>
		<key>BBCC136318FF973D00D27D1D</key>
		<dict>
			<key>isa</key>
			<string>PBXFileReference</string>
			<key>lastKnownFileType</key>
			<string>sourcecode.c.h</string>
			<key>path</key>
			<string>ViewController.h</string>
			<key>sourceTree</key>
			<string>&lt;group&gt;</string>
		</dict>
		<key>BBCC136418FF973D00D27D1D</key>
		<dict>
			<key>isa</key>
			<string>PBXFileReference</string>
			<key>lastKnownFileType</key>
			<string>sourcecode.c.objc</string>
			<key>path</key>
			<string>ViewController.m</string>
			<key>sourceTree</key>
			<string>&lt;group&gt;</string>
		</dict>
		<key>BBCC136518FF973D00D27D1D</key>
		<dict>
			<key>fileRef</key>
			<string>BBCC136418FF973D00D27D1D</string>
			<key>isa</key>
			<string>PBXBuildFile</string>
		</dict>
		<key>BBCC136618FF973D00D27D1D</key>
		<dict>
			<key>isa</key>
			<string>PBXFileReference</string>
			<key>lastKnownFileType</key>
			<string>folder.assetcatalog</string>
			<key>path</key>
			<string>Images.xcassets</string>
			<key>sourceTree</key>
			<string>&lt;group&gt;</string>
		</dict>
		<key>BBCC136718FF973D00D27D1D</key>
		<dict>
			<key>fileRef</key>
			<string>BBCC136618FF973D00D27D1D</string>
			<key>isa</key>
			<string>PBXBuildFile</string>
		</dict>
		<key>BBCC136818FF973D00D27D1D</key>
		<dict>
			<key>buildActionMask</key>
			<string>2147483647</string>
			<key>files</key>
			<array>
				<string>BBCC137A18FF973D00D27D1D</string>
			</array>
			<key>isa</key>
			<string>PBXSourcesBuildPhase</string>
			<key>runOnlyForDeploymentPostprocessing</key>
			<string>0</string>
		</dict>
		<key>BBCC136918FF973D00D27D1D</key>
		<dict>
			<key>buildActionMask</key>
			<string>2147483647</string>
			<key>files</key>
			<array>
				<string>BBCC136E18FF973D00D27D1D</string>
				<string>BBCC137018FF973D00D27D1D</string>
				<string>BBCC136F18FF973D00D27D1D</string>
			</array>
			<key>isa</key>
			<string>PBXFrameworksBuildPhase</string>
			<key>runOnlyForDeploymentPostprocessing</key>
			<string>0</string>
		</dict>
		<key>BBCC136A18FF973D00D27D1D</key>
		<dict>
			<key>buildActionMask</key>
			<string>2147483647</string>
			<key>files</key>
			<array>
				<string>BBCC137818FF973D00D27D1D</string>
			</array>
			<key>isa</key>
			<string>PBXResourcesBuildPhase</string>
			<key>runOnlyForDeploymentPostprocessing</key>
			<string>0</string>
		</dict>
		<key>BBCC136B18FF973D00D27D1D</key>
		<dict>
			<key>buildConfigurationList</key>
			<string>BBCC138018FF973D00D27D1D</string>
			<key>buildPhases</key>
			<array>
				<string>BBCC136818FF973D00D27D1D</string>
				<string>BBCC136918FF973D00D27D1D</string>
				<string>BBCC136A18FF973D00D27D1D</string>
			</array>
			<key>buildRules</key>
			<array/>
			<key>dependencies</key>
			<array>
				<string>BBCC137218FF973D00D27D1D</string>
			</array>
			<key>isa</key>
			<string>PBXNativeTarget</string>
			<key>name</key>
			<string>KhabarTests</string>
			<key>productName</key>
			<string>KhabarTests</string>
			<key>productReference</key>
			<string>BBCC136C18FF973D00D27D1D</string>
			<key>productType</key>
			<string>com.apple.product-type.bundle.unit-test</string>
		</dict>
		<key>BBCC136C18FF973D00D27D1D</key>
		<dict>
			<key>explicitFileType</key>
			<string>wrapper.cfbundle</string>
			<key>includeInIndex</key>
			<string>0</string>
			<key>isa</key>
			<string>PBXFileReference</string>
			<key>path</key>
			<string>KhabarTests.xctest</string>
			<key>sourceTree</key>
			<string>BUILT_PRODUCTS_DIR</string>
		</dict>
		<key>BBCC136D18FF973D00D27D1D</key>
		<dict>
			<key>isa</key>
			<string>PBXFileReference</string>
			<key>lastKnownFileType</key>
			<string>wrapper.framework</string>
			<key>name</key>
			<string>XCTest.framework</string>
			<key>path</key>
			<string>Library/Frameworks/XCTest.framework</string>
			<key>sourceTree</key>
			<string>DEVELOPER_DIR</string>
		</dict>
		<key>BBCC136E18FF973D00D27D1D</key>
		<dict>
			<key>fileRef</key>
			<string>BBCC136D18FF973D00D27D1D</string>
			<key>isa</key>
			<string>PBXBuildFile</string>
		</dict>
		<key>BBCC136F18FF973D00D27D1D</key>
		<dict>
			<key>fileRef</key>
			<string>BBCC134E18FF973D00D27D1D</string>
			<key>isa</key>
			<string>PBXBuildFile</string>
		</dict>
		<key>BBCC137018FF973D00D27D1D</key>
		<dict>
			<key>fileRef</key>
			<string>BBCC135218FF973D00D27D1D</string>
			<key>isa</key>
			<string>PBXBuildFile</string>
		</dict>
		<key>BBCC137118FF973D00D27D1D</key>
		<dict>
			<key>containerPortal</key>
			<string>BBCC134318FF973D00D27D1D</string>
			<key>isa</key>
			<string>PBXContainerItemProxy</string>
			<key>proxyType</key>
			<string>1</string>
			<key>remoteGlobalIDString</key>
			<string>BBCC134A18FF973D00D27D1D</string>
			<key>remoteInfo</key>
			<string>Khabar</string>
		</dict>
		<key>BBCC137218FF973D00D27D1D</key>
		<dict>
			<key>isa</key>
			<string>PBXTargetDependency</string>
			<key>target</key>
			<string>BBCC134A18FF973D00D27D1D</string>
			<key>targetProxy</key>
			<string>BBCC137118FF973D00D27D1D</string>
		</dict>
		<key>BBCC137318FF973D00D27D1D</key>
		<dict>
			<key>children</key>
			<array>
				<string>BBCC137918FF973D00D27D1D</string>
				<string>BBCC137418FF973D00D27D1D</string>
			</array>
			<key>isa</key>
			<string>PBXGroup</string>
			<key>path</key>
			<string>KhabarTests</string>
			<key>sourceTree</key>
			<string>&lt;group&gt;</string>
		</dict>
		<key>BBCC137418FF973D00D27D1D</key>
		<dict>
			<key>children</key>
			<array>
				<string>BBCC137518FF973D00D27D1D</string>
				<string>BBCC137618FF973D00D27D1D</string>
			</array>
			<key>isa</key>
			<string>PBXGroup</string>
			<key>name</key>
			<string>Supporting Files</string>
			<key>sourceTree</key>
			<string>&lt;group&gt;</string>
		</dict>
		<key>BBCC137518FF973D00D27D1D</key>
		<dict>
			<key>isa</key>
			<string>PBXFileReference</string>
			<key>lastKnownFileType</key>
			<string>text.plist.xml</string>
			<key>path</key>
			<string>KhabarTests-Info.plist</string>
			<key>sourceTree</key>
			<string>&lt;group&gt;</string>
		</dict>
		<key>BBCC137618FF973D00D27D1D</key>
		<dict>
			<key>children</key>
			<array>
				<string>BBCC137718FF973D00D27D1D</string>
			</array>
			<key>isa</key>
			<string>PBXVariantGroup</string>
			<key>name</key>
			<string>InfoPlist.strings</string>
			<key>sourceTree</key>
			<string>&lt;group&gt;</string>
		</dict>
		<key>BBCC137718FF973D00D27D1D</key>
		<dict>
			<key>isa</key>
			<string>PBXFileReference</string>
			<key>lastKnownFileType</key>
			<string>text.plist.strings</string>
			<key>name</key>
			<string>en</string>
			<key>path</key>
			<string>en.lproj/InfoPlist.strings</string>
			<key>sourceTree</key>
			<string>&lt;group&gt;</string>
		</dict>
		<key>BBCC137818FF973D00D27D1D</key>
		<dict>
			<key>fileRef</key>
			<string>BBCC137618FF973D00D27D1D</string>
			<key>isa</key>
			<string>PBXBuildFile</string>
		</dict>
		<key>BBCC137918FF973D00D27D1D</key>
		<dict>
			<key>isa</key>
			<string>PBXFileReference</string>
			<key>lastKnownFileType</key>
			<string>sourcecode.c.objc</string>
			<key>path</key>
			<string>KhabarTests.m</string>
			<key>sourceTree</key>
			<string>&lt;group&gt;</string>
		</dict>
		<key>BBCC137A18FF973D00D27D1D</key>
		<dict>
			<key>fileRef</key>
			<string>BBCC137918FF973D00D27D1D</string>
			<key>isa</key>
			<string>PBXBuildFile</string>
		</dict>
		<key>BBCC137B18FF973D00D27D1D</key>
		<dict>
			<key>buildSettings</key>
			<dict>
				<key>ALWAYS_SEARCH_USER_PATHS</key>
				<string>NO</string>
				<key>CLANG_CXX_LANGUAGE_STANDARD</key>
				<string>gnu++0x</string>
				<key>CLANG_CXX_LIBRARY</key>
				<string>libc++</string>
				<key>CLANG_ENABLE_MODULES</key>
				<string>YES</string>
				<key>CLANG_ENABLE_OBJC_ARC</key>
				<string>YES</string>
				<key>CLANG_WARN_BOOL_CONVERSION</key>
				<string>YES</string>
				<key>CLANG_WARN_CONSTANT_CONVERSION</key>
				<string>YES</string>
				<key>CLANG_WARN_DIRECT_OBJC_ISA_USAGE</key>
				<string>YES_ERROR</string>
				<key>CLANG_WARN_EMPTY_BODY</key>
				<string>YES</string>
				<key>CLANG_WARN_ENUM_CONVERSION</key>
				<string>YES</string>
				<key>CLANG_WARN_INT_CONVERSION</key>
				<string>YES</string>
				<key>CLANG_WARN_OBJC_ROOT_CLASS</key>
				<string>YES_ERROR</string>
				<key>CLANG_WARN__DUPLICATE_METHOD_MATCH</key>
				<string>YES</string>
				<key>CODE_SIGN_IDENTITY[sdk=iphoneos*]</key>
				<string>iPhone Developer</string>
				<key>COPY_PHASE_STRIP</key>
				<string>NO</string>
				<key>GCC_C_LANGUAGE_STANDARD</key>
				<string>gnu99</string>
				<key>GCC_DYNAMIC_NO_PIC</key>
				<string>NO</string>
				<key>GCC_OPTIMIZATION_LEVEL</key>
				<string>0</string>
				<key>GCC_PREPROCESSOR_DEFINITIONS</key>
				<array>
					<string>DEBUG=1</string>
					<string>$(inherited)</string>
				</array>
				<key>GCC_SYMBOLS_PRIVATE_EXTERN</key>
				<string>NO</string>
				<key>GCC_WARN_64_TO_32_BIT_CONVERSION</key>
				<string>YES</string>
				<key>GCC_WARN_ABOUT_RETURN_TYPE</key>
				<string>YES_ERROR</string>
				<key>GCC_WARN_UNDECLARED_SELECTOR</key>
				<string>YES</string>
				<key>GCC_WARN_UNINITIALIZED_AUTOS</key>
				<string>YES_AGGRESSIVE</string>
				<key>GCC_WARN_UNUSED_FUNCTION</key>
				<string>YES</string>
				<key>GCC_WARN_UNUSED_VARIABLE</key>
				<string>YES</string>
				<key>IPHONEOS_DEPLOYMENT_TARGET</key>
				<string>7.1</string>
				<key>ONLY_ACTIVE_ARCH</key>
				<string>YES</string>
				<key>SDKROOT</key>
				<string>iphoneos</string>
			</dict>
			<key>isa</key>
			<string>XCBuildConfiguration</string>
			<key>name</key>
			<string>Debug</string>
		</dict>
		<key>BBCC137C18FF973D00D27D1D</key>
		<dict>
			<key>buildSettings</key>
			<dict>
				<key>ALWAYS_SEARCH_USER_PATHS</key>
				<string>NO</string>
				<key>CLANG_CXX_LANGUAGE_STANDARD</key>
				<string>gnu++0x</string>
				<key>CLANG_CXX_LIBRARY</key>
				<string>libc++</string>
				<key>CLANG_ENABLE_MODULES</key>
				<string>YES</string>
				<key>CLANG_ENABLE_OBJC_ARC</key>
				<string>YES</string>
				<key>CLANG_WARN_BOOL_CONVERSION</key>
				<string>YES</string>
				<key>CLANG_WARN_CONSTANT_CONVERSION</key>
				<string>YES</string>
				<key>CLANG_WARN_DIRECT_OBJC_ISA_USAGE</key>
				<string>YES_ERROR</string>
				<key>CLANG_WARN_EMPTY_BODY</key>
				<string>YES</string>
				<key>CLANG_WARN_ENUM_CONVERSION</key>
				<string>YES</string>
				<key>CLANG_WARN_INT_CONVERSION</key>
				<string>YES</string>
				<key>CLANG_WARN_OBJC_ROOT_CLASS</key>
				<string>YES_ERROR</string>
				<key>CLANG_WARN__DUPLICATE_METHOD_MATCH</key>
				<string>YES</string>
				<key>CODE_SIGN_IDENTITY[sdk=iphoneos*]</key>
				<string>iPhone Developer</string>
				<key>COPY_PHASE_STRIP</key>
				<string>YES</string>
				<key>ENABLE_NS_ASSERTIONS</key>
				<string>NO</string>
				<key>GCC_C_LANGUAGE_STANDARD</key>
				<string>gnu99</string>
				<key>GCC_WARN_64_TO_32_BIT_CONVERSION</key>
				<string>YES</string>
				<key>GCC_WARN_ABOUT_RETURN_TYPE</key>
				<string>YES_ERROR</string>
				<key>GCC_WARN_UNDECLARED_SELECTOR</key>
				<string>YES</string>
				<key>GCC_WARN_UNINITIALIZED_AUTOS</key>
				<string>YES_AGGRESSIVE</string>
				<key>GCC_WARN_UNUSED_FUNCTION</key>
				<string>YES</string>
				<key>GCC_WARN_UNUSED_VARIABLE</key>
				<string>YES</string>
				<key>IPHONEOS_DEPLOYMENT_TARGET</key>
				<string>7.1</string>
				<key>SDKROOT</key>
				<string>iphoneos</string>
				<key>VALIDATE_PRODUCT</key>
				<string>YES</string>
			</dict>
			<key>isa</key>
			<string>XCBuildConfiguration</string>
			<key>name</key>
			<string>Release</string>
		</dict>
		<key>BBCC137D18FF973D00D27D1D</key>
		<dict>
			<key>buildConfigurations</key>
			<array>
				<string>BBCC137E18FF973D00D27D1D</string>
				<string>BBCC137F18FF973D00D27D1D</string>
			</array>
			<key>defaultConfigurationIsVisible</key>
			<string>0</string>
			<key>isa</key>
			<string>XCConfigurationList</string>
		</dict>
		<key>BBCC137E18FF973D00D27D1D</key>
		<dict>
			<key>baseConfigurationReference</key>
			<string>203396FD399B43BD91E889CC</string>
			<key>buildSettings</key>
			<dict>
				<key>ASSETCATALOG_COMPILER_APPICON_NAME</key>
				<string>AppIcon</string>
				<key>ASSETCATALOG_COMPILER_LAUNCHIMAGE_NAME</key>
				<string>LaunchImage</string>
				<key>GCC_PRECOMPILE_PREFIX_HEADER</key>
				<string>YES</string>
				<key>GCC_PREFIX_HEADER</key>
				<string>Khabar/Khabar-Prefix.pch</string>
				<key>INFOPLIST_FILE</key>
				<string>Khabar/Khabar-Info.plist</string>
				<key>PRODUCT_NAME</key>
				<string>$(TARGET_NAME)</string>
				<key>WRAPPER_EXTENSION</key>
				<string>app</string>
			</dict>
			<key>isa</key>
			<string>XCBuildConfiguration</string>
			<key>name</key>
			<string>Debug</string>
		</dict>
		<key>BBCC137F18FF973D00D27D1D</key>
		<dict>
			<key>baseConfigurationReference</key>
			<string>203396FD399B43BD91E889CC</string>
			<key>buildSettings</key>
			<dict>
				<key>ASSETCATALOG_COMPILER_APPICON_NAME</key>
				<string>AppIcon</string>
				<key>ASSETCATALOG_COMPILER_LAUNCHIMAGE_NAME</key>
				<string>LaunchImage</string>
				<key>GCC_PRECOMPILE_PREFIX_HEADER</key>
				<string>YES</string>
				<key>GCC_PREFIX_HEADER</key>
				<string>Khabar/Khabar-Prefix.pch</string>
				<key>INFOPLIST_FILE</key>
				<string>Khabar/Khabar-Info.plist</string>
				<key>PRODUCT_NAME</key>
				<string>$(TARGET_NAME)</string>
				<key>WRAPPER_EXTENSION</key>
				<string>app</string>
			</dict>
			<key>isa</key>
			<string>XCBuildConfiguration</string>
			<key>name</key>
			<string>Release</string>
		</dict>
		<key>BBCC138018FF973D00D27D1D</key>
		<dict>
			<key>buildConfigurations</key>
			<array>
				<string>BBCC138118FF973D00D27D1D</string>
				<string>BBCC138218FF973D00D27D1D</string>
			</array>
			<key>defaultConfigurationIsVisible</key>
			<string>0</string>
			<key>isa</key>
			<string>XCConfigurationList</string>
		</dict>
		<key>BBCC138118FF973D00D27D1D</key>
		<dict>
			<key>buildSettings</key>
			<dict>
				<key>BUNDLE_LOADER</key>
				<string>$(BUILT_PRODUCTS_DIR)/Khabar.app/Khabar</string>
				<key>FRAMEWORK_SEARCH_PATHS</key>
				<array>
					<string>$(SDKROOT)/Developer/Library/Frameworks</string>
					<string>$(inherited)</string>
					<string>$(DEVELOPER_FRAMEWORKS_DIR)</string>
				</array>
				<key>GCC_PRECOMPILE_PREFIX_HEADER</key>
				<string>YES</string>
				<key>GCC_PREFIX_HEADER</key>
				<string>Khabar/Khabar-Prefix.pch</string>
				<key>GCC_PREPROCESSOR_DEFINITIONS</key>
				<array>
					<string>DEBUG=1</string>
					<string>$(inherited)</string>
				</array>
				<key>INFOPLIST_FILE</key>
				<string>KhabarTests/KhabarTests-Info.plist</string>
				<key>PRODUCT_NAME</key>
				<string>$(TARGET_NAME)</string>
				<key>TEST_HOST</key>
				<string>$(BUNDLE_LOADER)</string>
				<key>WRAPPER_EXTENSION</key>
				<string>xctest</string>
			</dict>
			<key>isa</key>
			<string>XCBuildConfiguration</string>
			<key>name</key>
			<string>Debug</string>
		</dict>
		<key>BBCC138218FF973D00D27D1D</key>
		<dict>
			<key>buildSettings</key>
			<dict>
				<key>BUNDLE_LOADER</key>
				<string>$(BUILT_PRODUCTS_DIR)/Khabar.app/Khabar</string>
				<key>FRAMEWORK_SEARCH_PATHS</key>
				<array>
					<string>$(SDKROOT)/Developer/Library/Frameworks</string>
					<string>$(inherited)</string>
					<string>$(DEVELOPER_FRAMEWORKS_DIR)</string>
				</array>
				<key>GCC_PRECOMPILE_PREFIX_HEADER</key>
				<string>YES</string>
				<key>GCC_PREFIX_HEADER</key>
				<string>Khabar/Khabar-Prefix.pch</string>
				<key>INFOPLIST_FILE</key>
				<string>KhabarTests/KhabarTests-Info.plist</string>
				<key>PRODUCT_NAME</key>
				<string>$(TARGET_NAME)</string>
				<key>TEST_HOST</key>
				<string>$(BUNDLE_LOADER)</string>
				<key>WRAPPER_EXTENSION</key>
				<string>xctest</string>
			</dict>
			<key>isa</key>
			<string>XCBuildConfiguration</string>
			<key>name</key>
			<string>Release</string>
		</dict>
		<key>CEA4BCA737654783B3267490</key>
		<dict>
			<key>buildActionMask</key>
			<string>2147483647</string>
			<key>files</key>
			<array/>
			<key>inputPaths</key>
			<array/>
			<key>isa</key>
			<string>PBXShellScriptBuildPhase</string>
			<key>name</key>
			<string>Check Pods Manifest.lock</string>
			<key>outputPaths</key>
			<array/>
			<key>runOnlyForDeploymentPostprocessing</key>
			<string>0</string>
			<key>shellPath</key>
			<string>/bin/sh</string>
			<key>shellScript</key>
			<string>diff "${PODS_ROOT}/../Podfile.lock" "${PODS_ROOT}/Manifest.lock" &gt; /dev/null
if [[ $? != 0 ]] ; then
    cat &lt;&lt; EOM
error: The sandbox is not in sync with the Podfile.lock. Run 'pod install' or update your CocoaPods installation.
EOM
    exit 1
fi
</string>
			<key>showEnvVarsInLog</key>
			<string>0</string>
		</dict>
	</dict>
	<key>rootObject</key>
	<string>BBCC134318FF973D00D27D1D</string>
</dict>
</plist>
